// !$*UTF8*$!
{
	archiveVersion = 1;
	classes = {
	};
	objectVersion = 46;
	objects = {

/* Begin PBXBuildFile section */
		3FEE98FC1AE56352007D43FD /* AppDelegate.swift in Sources */ = {isa = PBXBuildFile; fileRef = 3FEE98FB1AE56352007D43FD /* AppDelegate.swift */; };
		3FEE98FE1AE56352007D43FD /* ViewController.swift in Sources */ = {isa = PBXBuildFile; fileRef = 3FEE98FD1AE56352007D43FD /* ViewController.swift */; };
		3FEE99011AE56352007D43FD /* Main.storyboard in Resources */ = {isa = PBXBuildFile; fileRef = 3FEE98FF1AE56352007D43FD /* Main.storyboard */; };
		3FEE99031AE56352007D43FD /* Images.xcassets in Resources */ = {isa = PBXBuildFile; fileRef = 3FEE99021AE56352007D43FD /* Images.xcassets */; };
		3FEE99061AE56352007D43FD /* LaunchScreen.xib in Resources */ = {isa = PBXBuildFile; fileRef = 3FEE99041AE56352007D43FD /* LaunchScreen.xib */; };
		3FEE99121AE56352007D43FD /* phoneWorkTests.swift in Sources */ = {isa = PBXBuildFile; fileRef = 3FEE99111AE56352007D43FD /* phoneWorkTests.swift */; };
/* End PBXBuildFile section */

/* Begin PBXContainerItemProxy section */
		3FEE990C1AE56352007D43FD /* PBXContainerItemProxy */ = {
			isa = PBXContainerItemProxy;
			containerPortal = 3FEE98EE1AE56352007D43FD /* Project object */;
			proxyType = 1;
			remoteGlobalIDString = 3FEE98F51AE56352007D43FD;
			remoteInfo = phoneWork;
		};
/* End PBXContainerItemProxy section */

/* Begin PBXFileReference section */
		3FEE98F61AE56352007D43FD /* phoneWork.app */ = {isa = PBXFileReference; explicitFileType = wrapper.application; includeInIndex = 0; path = phoneWork.app; sourceTree = BUILT_PRODUCTS_DIR; };
		3FEE98FA1AE56352007D43FD /* Info.plist */ = {isa = PBXFileReference; lastKnownFileType = text.plist.xml; path = Info.plist; sourceTree = "<group>"; };
		3FEE98FB1AE56352007D43FD /* AppDelegate.swift */ = {isa = PBXFileReference; lastKnownFileType = sourcecode.swift; path = AppDelegate.swift; sourceTree = "<group>"; };
		3FEE98FD1AE56352007D43FD /* ViewController.swift */ = {isa = PBXFileReference; lastKnownFileType = sourcecode.swift; path = ViewController.swift; sourceTree = "<group>"; };
		3FEE99001AE56352007D43FD /* Base */ = {isa = PBXFileReference; lastKnownFileType = file.storyboard; name = Base; path = Base.lproj/Main.storyboard; sourceTree = "<group>"; };
		3FEE99021AE56352007D43FD /* Images.xcassets */ = {isa = PBXFileReference; lastKnownFileType = folder.assetcatalog; path = Images.xcassets; sourceTree = "<group>"; };
		3FEE99051AE56352007D43FD /* Base */ = {isa = PBXFileReference; lastKnownFileType = file.xib; name = Base; path = Base.lproj/LaunchScreen.xib; sourceTree = "<group>"; };
		3FEE990B1AE56352007D43FD /* phoneWorkTests.xctest */ = {isa = PBXFileReference; explicitFileType = wrapper.cfbundle; includeInIndex = 0; path = phoneWorkTests.xctest; sourceTree = BUILT_PRODUCTS_DIR; };
		3FEE99101AE56352007D43FD /* Info.plist */ = {isa = PBXFileReference; lastKnownFileType = text.plist.xml; path = Info.plist; sourceTree = "<group>"; };
		3FEE99111AE56352007D43FD /* phoneWorkTests.swift */ = {isa = PBXFileReference; lastKnownFileType = sourcecode.swift; path = phoneWorkTests.swift; sourceTree = "<group>"; };
/* End PBXFileReference section */

/* Begin PBXFrameworksBuildPhase section */
		3FEE98F31AE56352007D43FD /* Frameworks */ = {
			isa = PBXFrameworksBuildPhase;
			buildActionMask = 2147483647;
			files = (
			);
			runOnlyForDeploymentPostprocessing = 0;
		};
		3FEE99081AE56352007D43FD /* Frameworks */ = {
			isa = PBXFrameworksBuildPhase;
			buildActionMask = 2147483647;
			files = (
			);
			runOnlyForDeploymentPostprocessing = 0;
		};
/* End PBXFrameworksBuildPhase section */

/* Begin PBXGroup section */
		3FEE98ED1AE56352007D43FD = {
			isa = PBXGroup;
			children = (
				3FEE98F81AE56352007D43FD /* phoneWork */,
				3FEE990E1AE56352007D43FD /* phoneWorkTests */,
				3FEE98F71AE56352007D43FD /* Products */,
			);
			sourceTree = "<group>";
		};
		3FEE98F71AE56352007D43FD /* Products */ = {
			isa = PBXGroup;
			children = (
				3FEE98F61AE56352007D43FD /* phoneWork.app */,
				3FEE990B1AE56352007D43FD /* phoneWorkTests.xctest */,
			);
			name = Products;
			sourceTree = "<group>";
		};
		3FEE98F81AE56352007D43FD /* phoneWork */ = {
			isa = PBXGroup;
			children = (
				3FEE98FB1AE56352007D43FD /* AppDelegate.swift */,
				3FEE98FD1AE56352007D43FD /* ViewController.swift */,
				3FEE98FF1AE56352007D43FD /* Main.storyboard */,
				3FEE99021AE56352007D43FD /* Images.xcassets */,
				3FEE99041AE56352007D43FD /* LaunchScreen.xib */,
				3FEE98F91AE56352007D43FD /* Supporting Files */,
			);
			path = phoneWork;
			sourceTree = "<group>";
		};
		3FEE98F91AE56352007D43FD /* Supporting Files */ = {
			isa = PBXGroup;
			children = (
				3FEE98FA1AE56352007D43FD /* Info.plist */,
			);
			name = "Supporting Files";
			sourceTree = "<group>";
		};
		3FEE990E1AE56352007D43FD /* phoneWorkTests */ = {
			isa = PBXGroup;
			children = (
				3FEE99111AE56352007D43FD /* phoneWorkTests.swift */,
				3FEE990F1AE56352007D43FD /* Supporting Files */,
			);
			path = phoneWorkTests;
			sourceTree = "<group>";
		};
		3FEE990F1AE56352007D43FD /* Supporting Files */ = {
			isa = PBXGroup;
			children = (
				3FEE99101AE56352007D43FD /* Info.plist */,
			);
			name = "Supporting Files";
			sourceTree = "<group>";
		};
/* End PBXGroup section */

/* Begin PBXNativeTarget section */
		3FEE98F51AE56352007D43FD /* phoneWork */ = {
			isa = PBXNativeTarget;
			buildConfigurationList = 3FEE99151AE56352007D43FD /* Build configuration list for PBXNativeTarget "phoneWork" */;
			buildPhases = (
				3FEE98F21AE56352007D43FD /* Sources */,
				3FEE98F31AE56352007D43FD /* Frameworks */,
				3FEE98F41AE56352007D43FD /* Resources */,
			);
			buildRules = (
			);
			dependencies = (
			);
			name = phoneWork;
			productName = phoneWork;
			productReference = 3FEE98F61AE56352007D43FD /* phoneWork.app */;
			productType = "com.apple.product-type.application";
		};
		3FEE990A1AE56352007D43FD /* phoneWorkTests */ = {
			isa = PBXNativeTarget;
			buildConfigurationList = 3FEE99181AE56352007D43FD /* Build configuration list for PBXNativeTarget "phoneWorkTests" */;
			buildPhases = (
				3FEE99071AE56352007D43FD /* Sources */,
				3FEE99081AE56352007D43FD /* Frameworks */,
				3FEE99091AE56352007D43FD /* Resources */,
			);
			buildRules = (
			);
			dependencies = (
				3FEE990D1AE56352007D43FD /* PBXTargetDependency */,
			);
			name = phoneWorkTests;
			productName = phoneWorkTests;
			productReference = 3FEE990B1AE56352007D43FD /* phoneWorkTests.xctest */;
			productType = "com.apple.product-type.bundle.unit-test";
		};
/* End PBXNativeTarget section */

/* Begin PBXProject section */
		3FEE98EE1AE56352007D43FD /* Project object */ = {
			isa = PBXProject;
			attributes = {
				LastUpgradeCheck = 0610;
				ORGANIZATIONNAME = Chava;
				TargetAttributes = {
					3FEE98F51AE56352007D43FD = {
						CreatedOnToolsVersion = 6.1;
					};
					3FEE990A1AE56352007D43FD = {
						CreatedOnToolsVersion = 6.1;
						TestTargetID = 3FEE98F51AE56352007D43FD;
					};
				};
			};
			buildConfigurationList = 3FEE98F11AE56352007D43FD /* Build configuration list for PBXProject "phoneWork" */;
			compatibilityVersion = "Xcode 3.2";
			developmentRegion = English;
			hasScannedForEncodings = 0;
			knownRegions = (
				en,
				Base,
			);
			mainGroup = 3FEE98ED1AE56352007D43FD;
			productRefGroup = 3FEE98F71AE56352007D43FD /* Products */;
			projectDirPath = "";
			projectRoot = "";
			targets = (
				3FEE98F51AE56352007D43FD /* phoneWork */,
				3FEE990A1AE56352007D43FD /* phoneWorkTests */,
			);
		};
/* End PBXProject section */

/* Begin PBXResourcesBuildPhase section */
		3FEE98F41AE56352007D43FD /* Resources */ = {
			isa = PBXResourcesBuildPhase;
			buildActionMask = 2147483647;
			files = (
				3FEE99011AE56352007D43FD /* Main.storyboard in Resources */,
				3FEE99061AE56352007D43FD /* LaunchScreen.xib in Resources */,
				3FEE99031AE56352007D43FD /* Images.xcassets in Resources */,
			);
			runOnlyForDeploymentPostprocessing = 0;
		};
		3FEE99091AE56352007D43FD /* Resources */ = {
			isa = PBXResourcesBuildPhase;
			buildActionMask = 2147483647;
			files = (
			);
			runOnlyForDeploymentPostprocessing = 0;
		};
/* End PBXResourcesBuildPhase section */

/* Begin PBXSourcesBuildPhase section */
		3FEE98F21AE56352007D43FD /* Sources */ = {
			isa = PBXSourcesBuildPhase;
			buildActionMask = 2147483647;
			files = (
				3FEE98FE1AE56352007D43FD /* ViewController.swift in Sources */,
				3FEE98FC1AE56352007D43FD /* AppDelegate.swift in Sources */,
			);
			runOnlyForDeploymentPostprocessing = 0;
		};
		3FEE99071AE56352007D43FD /* Sources */ = {
			isa = PBXSourcesBuildPhase;
			buildActionMask = 2147483647;
			files = (
				3FEE99121AE56352007D43FD /* phoneWorkTests.swift in Sources */,
			);
			runOnlyForDeploymentPostprocessing = 0;
		};
/* End PBXSourcesBuildPhase section */

/* Begin PBXTargetDependency section */
		3FEE990D1AE56352007D43FD /* PBXTargetDependency */ = {
			isa = PBXTargetDependency;
			target = 3FEE98F51AE56352007D43FD /* phoneWork */;
			targetProxy = 3FEE990C1AE56352007D43FD /* PBXContainerItemProxy */;
		};
/* End PBXTargetDependency section */

/* Begin PBXVariantGroup section */
		3FEE98FF1AE56352007D43FD /* Main.storyboard */ = {
			isa = PBXVariantGroup;
			children = (
				3FEE99001AE56352007D43FD /* Base */,
			);
			name = Main.storyboard;
			sourceTree = "<group>";
		};
		3FEE99041AE56352007D43FD /* LaunchScreen.xib */ = {
			isa = PBXVariantGroup;
			children = (
				3FEE99051AE56352007D43FD /* Base */,
			);
			name = LaunchScreen.xib;
			sourceTree = "<group>";
		};
/* End PBXVariantGroup section */

/* Begin XCBuildConfiguration section */
		3FEE99131AE56352007D43FD /* Debug */ = {
			isa = XCBuildConfiguration;
			buildSettings = {
				ALWAYS_SEARCH_USER_PATHS = NO;
				CLANG_CXX_LANGUAGE_STANDARD = "gnu++0x";
				CLANG_CXX_LIBRARY = "libc++";
				CLANG_ENABLE_MODULES = YES;
				CLANG_ENABLE_OBJC_ARC = YES;
				CLANG_WARN_BOOL_CONVERSION = YES;
				CLANG_WARN_CONSTANT_CONVERSION = YES;
				CLANG_WARN_DIRECT_OBJC_ISA_USAGE = YES_ERROR;
				CLANG_WARN_EMPTY_BODY = YES;
				CLANG_WARN_ENUM_CONVERSION = YES;
				CLANG_WARN_INT_CONVERSION = YES;
				CLANG_WARN_OBJC_ROOT_CLASS = YES_ERROR;
				CLANG_WARN_UNREACHABLE_CODE = YES;
				CLANG_WARN__DUPLICATE_METHOD_MATCH = YES;
				"CODE_SIGN_IDENTITY[sdk=iphoneos*]" = "iPhone Developer";
				COPY_PHASE_STRIP = NO;
				ENABLE_STRICT_OBJC_MSGSEND = YES;
				GCC_C_LANGUAGE_STANDARD = gnu99;
				GCC_DYNAMIC_NO_PIC = NO;
				GCC_OPTIMIZATION_LEVEL = 0;
				GCC_PREPROCESSOR_DEFINITIONS = (
					"DEBUG=1",
					"$(inherited)",
				);
				GCC_SYMBOLS_PRIVATE_EXTERN = NO;
				GCC_WARN_64_TO_32_BIT_CONVERSION = YES;
				GCC_WARN_ABOUT_RETURN_TYPE = YES_ERROR;
				GCC_WARN_UNDECLARED_SELECTOR = YES;
				GCC_WARN_UNINITIALIZED_AUTOS = YES_AGGRESSIVE;
				GCC_WARN_UNUSED_FUNCTION = YES;
				GCC_WARN_UNUSED_VARIABLE = YES;
				IPHONEOS_DEPLOYMENT_TARGET = 8.1;
				MTL_ENABLE_DEBUG_INFO = YES;
				ONLY_ACTIVE_ARCH = YES;
				SDKROOT = iphoneos;
				SWIFT_OPTIMIZATION_LEVEL = "-Onone";
				TARGETED_DEVICE_FAMILY = "1,2";
			};
			name = Debug;
		};
		3FEE99141AE56352007D43FD /* Release */ = {
			isa = XCBuildConfiguration;
			buildSettings = {
				ALWAYS_SEARCH_USER_PATHS = NO;
				CLANG_CXX_LANGUAGE_STANDARD = "gnu++0x";
				CLANG_CXX_LIBRARY = "libc++";
				CLANG_ENABLE_MODULES = YES;
				CLANG_ENABLE_OBJC_ARC = YES;
				CLANG_WARN_BOOL_CONVERSION = YES;
				CLANG_WARN_CONSTANT_CONVERSION = YES;
				CLANG_WARN_DIRECT_OBJC_ISA_USAGE = YES_ERROR;
				CLANG_WARN_EMPTY_BODY = YES;
				CLANG_WARN_ENUM_CONVERSION = YES;
				CLANG_WARN_INT_CONVERSION = YES;
				CLANG_WARN_OBJC_ROOT_CLASS = YES_ERROR;
				CLANG_WARN_UNREACHABLE_CODE = YES;
				CLANG_WARN__DUPLICATE_METHOD_MATCH = YES;
				"CODE_SIGN_IDENTITY[sdk=iphoneos*]" = "iPhone Developer";
				COPY_PHASE_STRIP = YES;
				ENABLE_NS_ASSERTIONS = NO;
				ENABLE_STRICT_OBJC_MSGSEND = YES;
				GCC_C_LANGUAGE_STANDARD = gnu99;
				GCC_WARN_64_TO_32_BIT_CONVERSION = YES;
				GCC_WARN_ABOUT_RETURN_TYPE = YES_ERROR;
				GCC_WARN_UNDECLARED_SELECTOR = YES;
				GCC_WARN_UNINITIALIZED_AUTOS = YES_AGGRESSIVE;
				GCC_WARN_UNUSED_FUNCTION = YES;
				GCC_WARN_UNUSED_VARIABLE = YES;
				IPHONEOS_DEPLOYMENT_TARGET = 8.1;
				MTL_ENABLE_DEBUG_INFO = NO;
				SDKROOT = iphoneos;
				TARGETED_DEVICE_FAMILY = "1,2";
				VALIDATE_PRODUCT = YES;
			};
			name = Release;
		};
		3FEE99161AE56352007D43FD /* Debug */ = {
			isa = XCBuildConfiguration;
			buildSettings = {
				ASSETCATALOG_COMPILER_APPICON_NAME = AppIcon;
				INFOPLIST_FILE = phoneWork/Info.plist;
				LD_RUNPATH_SEARCH_PATHS = "$(inherited) @executable_path/Frameworks";
				PRODUCT_NAME = "$(TARGET_NAME)";
			};
			name = Debug;
		};
		3FEE99171AE56352007D43FD /* Release */ = {
			isa = XCBuildConfiguration;
			buildSettings = {
				ASSETCATALOG_COMPILER_APPICON_NAME = AppIcon;
				INFOPLIST_FILE = phoneWork/Info.plist;
				LD_RUNPATH_SEARCH_PATHS = "$(inherited) @executable_path/Frameworks";
				PRODUCT_NAME = "$(TARGET_NAME)";
			};
			name = Release;
		};
		3FEE99191AE56352007D43FD /* Debug */ = {
			isa = XCBuildConfiguration;
			buildSettings = {
				BUNDLE_LOADER = "$(TEST_HOST)";
				FRAMEWORK_SEARCH_PATHS = (
					"$(SDKROOT)/Developer/Library/Frameworks",
					"$(inherited)",
				);
				GCC_PREPROCESSOR_DEFINITIONS = (
					"DEBUG=1",
					"$(inherited)",
				);
				INFOPLIST_FILE = phoneWorkTests/Info.plist;
				LD_RUNPATH_SEARCH_PATHS = "$(inherited) @executable_path/Frameworks @loader_path/Frameworks";
				PRODUCT_NAME = "$(TARGET_NAME)";
				TEST_HOST = "$(BUILT_PRODUCTS_DIR)/phoneWork.app/phoneWork";
			};
			name = Debug;
		};
		3FEE991A1AE56352007D43FD /* Release */ = {
			isa = XCBuildConfiguration;
			buildSettings = {
				BUNDLE_LOADER = "$(TEST_HOST)";
				FRAMEWORK_SEARCH_PATHS = (
					"$(SDKROOT)/Developer/Library/Frameworks",
					"$(inherited)",
				);
				INFOPLIST_FILE = phoneWorkTests/Info.plist;
				LD_RUNPATH_SEARCH_PATHS = "$(inherited) @executable_path/Frameworks @loader_path/Frameworks";
				PRODUCT_NAME = "$(TARGET_NAME)";
				TEST_HOST = "$(BUILT_PRODUCTS_DIR)/phoneWork.app/phoneWork";
			};
			name = Release;
		};
/* End XCBuildConfiguration section */

/* Begin XCConfigurationList section */
		3FEE98F11AE56352007D43FD /* Build configuration list for PBXProject "phoneWork" */ = {
			isa = XCConfigurationList;
			buildConfigurations = (
				3FEE99131AE56352007D43FD /* Debug */,
				3FEE99141AE56352007D43FD /* Release */,
			);
			defaultConfigurationIsVisible = 0;
			defaultConfigurationName = Release;
		};
		3FEE99151AE56352007D43FD /* Build configuration list for PBXNativeTarget "phoneWork" */ = {
			isa = XCConfigurationList;
			buildConfigurations = (
				3FEE99161AE56352007D43FD /* Debug */,
				3FEE99171AE56352007D43FD /* Release */,
			);
			defaultConfigurationIsVisible = 0;
		};
		3FEE99181AE56352007D43FD /* Build configuration list for PBXNativeTarget "phoneWorkTests" */ = {
			isa = XCConfigurationList;
			buildConfigurations = (
				3FEE99191AE56352007D43FD /* Debug */,
				3FEE991A1AE56352007D43FD /* Release */,
			);
			defaultConfigurationIsVisible = 0;
		};
/* End XCConfigurationList section */
	};
	rootObject = 3FEE98EE1AE56352007D43FD /* Project object */;
}
